
Microsoft Visual Studio Solution File, Format Version 12.00
# Visual Studio 15
VisualStudioVersion = 15.0.28307.271
MinimumVisualStudioVersion = 10.0.40219.1
Project("{FAE04EC0-301F-11D3-BF4B-00C04F79EFBC}") = "비연결 데이터베이스 행 검색(콘솔)", "비연결 데이터베이스 행 검색(콘솔)\비연결 데이터베이스 행 검색(콘솔).csproj", "{3442687C-37E6-4C3E-9214-DBA4501FE957}"
EndProject
Global
	GlobalSection(SolutionConfigurationPlatforms) = preSolution
		Debug|Any CPU = Debug|Any CPU
		Release|Any CPU = Release|Any CPU
	EndGlobalSection
	GlobalSection(ProjectConfigurationPlatforms) = postSolution
		{3442687C-37E6-4C3E-9214-DBA4501FE957}.Debug|Any CPU.ActiveCfg = Debug|Any CPU
		{3442687C-37E6-4C3E-9214-DBA4501FE957}.Debug|Any CPU.Build.0 = Debug|Any CPU
		{3442687C-37E6-4C3E-9214-DBA4501FE957}.Release|Any CPU.ActiveCfg = Release|Any CPU
		{3442687C-37E6-4C3E-9214-DBA4501FE957}.Release|Any CPU.Build.0 = Release|Any CPU
	EndGlobalSection
	GlobalSection(SolutionProperties) = preSolution
		HideSolutionNode = FALSE
	EndGlobalSection
	GlobalSection(ExtensibilityGlobals) = postSolution
		SolutionGuid = {F9C20D23-C863-4209-AD54-694B4BE2AACA}
	EndGlobalSection
EndGlobal
