
Microsoft Visual Studio Solution File, Format Version 12.00
# Visual Studio 15
VisualStudioVersion = 15.0.28307.271
MinimumVisualStudioVersion = 10.0.40219.1
Project("{FAE04EC0-301F-11D3-BF4B-00C04F79EFBC}") = "프로그래스바", "프로그래스바\프로그래스바.csproj", "{D813135D-4EC9-42F3-96F4-4AEB5FE20B7B}"
EndProject
Global
	GlobalSection(SolutionConfigurationPlatforms) = preSolution
		Debug|Any CPU = Debug|Any CPU
		Release|Any CPU = Release|Any CPU
	EndGlobalSection
	GlobalSection(ProjectConfigurationPlatforms) = postSolution
		{D813135D-4EC9-42F3-96F4-4AEB5FE20B7B}.Debug|Any CPU.ActiveCfg = Debug|Any CPU
		{D813135D-4EC9-42F3-96F4-4AEB5FE20B7B}.Debug|Any CPU.Build.0 = Debug|Any CPU
		{D813135D-4EC9-42F3-96F4-4AEB5FE20B7B}.Release|Any CPU.ActiveCfg = Release|Any CPU
		{D813135D-4EC9-42F3-96F4-4AEB5FE20B7B}.Release|Any CPU.Build.0 = Release|Any CPU
	EndGlobalSection
	GlobalSection(SolutionProperties) = preSolution
		HideSolutionNode = FALSE
	EndGlobalSection
	GlobalSection(ExtensibilityGlobals) = postSolution
		SolutionGuid = {7B0FE836-43FD-41F3-9FCA-B83E44689AEE}
	EndGlobalSection
EndGlobal
