
Microsoft Visual Studio Solution File, Format Version 12.00
# Visual Studio 15
VisualStudioVersion = 15.0.28307.271
MinimumVisualStudioVersion = 10.0.40219.1
Project("{FAE04EC0-301F-11D3-BF4B-00C04F79EFBC}") = "폼", "폼\폼.csproj", "{F154B233-161B-4B04-B6A3-21FB0CEA9315}"
EndProject
Global
	GlobalSection(SolutionConfigurationPlatforms) = preSolution
		Debug|Any CPU = Debug|Any CPU
		Release|Any CPU = Release|Any CPU
	EndGlobalSection
	GlobalSection(ProjectConfigurationPlatforms) = postSolution
		{F154B233-161B-4B04-B6A3-21FB0CEA9315}.Debug|Any CPU.ActiveCfg = Debug|Any CPU
		{F154B233-161B-4B04-B6A3-21FB0CEA9315}.Debug|Any CPU.Build.0 = Debug|Any CPU
		{F154B233-161B-4B04-B6A3-21FB0CEA9315}.Release|Any CPU.ActiveCfg = Release|Any CPU
		{F154B233-161B-4B04-B6A3-21FB0CEA9315}.Release|Any CPU.Build.0 = Release|Any CPU
	EndGlobalSection
	GlobalSection(SolutionProperties) = preSolution
		HideSolutionNode = FALSE
	EndGlobalSection
	GlobalSection(ExtensibilityGlobals) = postSolution
		SolutionGuid = {01D9CC9C-8A2C-45D5-BAA3-B0E2AF26876D}
	EndGlobalSection
EndGlobal
