
Microsoft Visual Studio Solution File, Format Version 12.00
# Visual Studio 15
VisualStudioVersion = 15.0.28307.271
MinimumVisualStudioVersion = 10.0.40219.1
Project("{FAE04EC0-301F-11D3-BF4B-00C04F79EFBC}") = "비연결 데이터베이스(DataGridView)", "비연결 데이터베이스(DataGridView)\비연결 데이터베이스(DataGridView).csproj", "{93C67DEB-273F-4D39-B0C0-D9DDE9A29F29}"
EndProject
Global
	GlobalSection(SolutionConfigurationPlatforms) = preSolution
		Debug|Any CPU = Debug|Any CPU
		Release|Any CPU = Release|Any CPU
	EndGlobalSection
	GlobalSection(ProjectConfigurationPlatforms) = postSolution
		{93C67DEB-273F-4D39-B0C0-D9DDE9A29F29}.Debug|Any CPU.ActiveCfg = Debug|Any CPU
		{93C67DEB-273F-4D39-B0C0-D9DDE9A29F29}.Debug|Any CPU.Build.0 = Debug|Any CPU
		{93C67DEB-273F-4D39-B0C0-D9DDE9A29F29}.Release|Any CPU.ActiveCfg = Release|Any CPU
		{93C67DEB-273F-4D39-B0C0-D9DDE9A29F29}.Release|Any CPU.Build.0 = Release|Any CPU
	EndGlobalSection
	GlobalSection(SolutionProperties) = preSolution
		HideSolutionNode = FALSE
	EndGlobalSection
	GlobalSection(ExtensibilityGlobals) = postSolution
		SolutionGuid = {1B3973FE-AC75-41C0-A1CC-E40029836E61}
	EndGlobalSection
EndGlobal
