
Microsoft Visual Studio Solution File, Format Version 12.00
# Visual Studio 15
VisualStudioVersion = 15.0.28307.271
MinimumVisualStudioVersion = 10.0.40219.1
Project("{FAE04EC0-301F-11D3-BF4B-00C04F79EFBC}") = "스플릿 컨테이너", "스플릿 컨테이너\스플릿 컨테이너.csproj", "{077F9F68-115C-47EE-B3E3-E477B7EE05F6}"
EndProject
Global
	GlobalSection(SolutionConfigurationPlatforms) = preSolution
		Debug|Any CPU = Debug|Any CPU
		Release|Any CPU = Release|Any CPU
	EndGlobalSection
	GlobalSection(ProjectConfigurationPlatforms) = postSolution
		{077F9F68-115C-47EE-B3E3-E477B7EE05F6}.Debug|Any CPU.ActiveCfg = Debug|Any CPU
		{077F9F68-115C-47EE-B3E3-E477B7EE05F6}.Debug|Any CPU.Build.0 = Debug|Any CPU
		{077F9F68-115C-47EE-B3E3-E477B7EE05F6}.Release|Any CPU.ActiveCfg = Release|Any CPU
		{077F9F68-115C-47EE-B3E3-E477B7EE05F6}.Release|Any CPU.Build.0 = Release|Any CPU
	EndGlobalSection
	GlobalSection(SolutionProperties) = preSolution
		HideSolutionNode = FALSE
	EndGlobalSection
	GlobalSection(ExtensibilityGlobals) = postSolution
		SolutionGuid = {1CF04BEE-30EE-4E5D-A099-2DD9F7CE3823}
	EndGlobalSection
EndGlobal
