
Microsoft Visual Studio Solution File, Format Version 12.00
# Visual Studio 15
VisualStudioVersion = 15.0.28307.271
MinimumVisualStudioVersion = 10.0.40219.1
Project("{FAE04EC0-301F-11D3-BF4B-00C04F79EFBC}") = "레이아웃", "레이아웃\레이아웃.csproj", "{8B558EF2-9CBD-4548-8353-4C367E4B19BB}"
EndProject
Global
	GlobalSection(SolutionConfigurationPlatforms) = preSolution
		Debug|Any CPU = Debug|Any CPU
		Release|Any CPU = Release|Any CPU
	EndGlobalSection
	GlobalSection(ProjectConfigurationPlatforms) = postSolution
		{8B558EF2-9CBD-4548-8353-4C367E4B19BB}.Debug|Any CPU.ActiveCfg = Debug|Any CPU
		{8B558EF2-9CBD-4548-8353-4C367E4B19BB}.Debug|Any CPU.Build.0 = Debug|Any CPU
		{8B558EF2-9CBD-4548-8353-4C367E4B19BB}.Release|Any CPU.ActiveCfg = Release|Any CPU
		{8B558EF2-9CBD-4548-8353-4C367E4B19BB}.Release|Any CPU.Build.0 = Release|Any CPU
	EndGlobalSection
	GlobalSection(SolutionProperties) = preSolution
		HideSolutionNode = FALSE
	EndGlobalSection
	GlobalSection(ExtensibilityGlobals) = postSolution
		SolutionGuid = {406B197D-FF9F-4967-8FCE-1B7081B6AA2F}
	EndGlobalSection
EndGlobal
