
Microsoft Visual Studio Solution File, Format Version 12.00
# Visual Studio 15
VisualStudioVersion = 15.0.28307.271
MinimumVisualStudioVersion = 10.0.40219.1
Project("{FAE04EC0-301F-11D3-BF4B-00C04F79EFBC}") = "컬러 다이얼로그", "컬러 다이얼로그\컬러 다이얼로그.csproj", "{C7ED6EAA-D42A-46B0-AA2F-3BA705797BF2}"
EndProject
Global
	GlobalSection(SolutionConfigurationPlatforms) = preSolution
		Debug|Any CPU = Debug|Any CPU
		Release|Any CPU = Release|Any CPU
	EndGlobalSection
	GlobalSection(ProjectConfigurationPlatforms) = postSolution
		{C7ED6EAA-D42A-46B0-AA2F-3BA705797BF2}.Debug|Any CPU.ActiveCfg = Debug|Any CPU
		{C7ED6EAA-D42A-46B0-AA2F-3BA705797BF2}.Debug|Any CPU.Build.0 = Debug|Any CPU
		{C7ED6EAA-D42A-46B0-AA2F-3BA705797BF2}.Release|Any CPU.ActiveCfg = Release|Any CPU
		{C7ED6EAA-D42A-46B0-AA2F-3BA705797BF2}.Release|Any CPU.Build.0 = Release|Any CPU
	EndGlobalSection
	GlobalSection(SolutionProperties) = preSolution
		HideSolutionNode = FALSE
	EndGlobalSection
	GlobalSection(ExtensibilityGlobals) = postSolution
		SolutionGuid = {DFCA5011-4A58-4E81-A5AB-6875387169A3}
	EndGlobalSection
EndGlobal
