
Microsoft Visual Studio Solution File, Format Version 12.00
# Visual Studio 15
VisualStudioVersion = 15.0.28307.271
MinimumVisualStudioVersion = 10.0.40219.1
Project("{FAE04EC0-301F-11D3-BF4B-00C04F79EFBC}") = "업다운 컨트롤(Nemeric)", "업다운 컨트롤(Nemeric)\업다운 컨트롤(Nemeric).csproj", "{D20AD18F-7A82-481E-A195-85092C164AE2}"
EndProject
Global
	GlobalSection(SolutionConfigurationPlatforms) = preSolution
		Debug|Any CPU = Debug|Any CPU
		Release|Any CPU = Release|Any CPU
	EndGlobalSection
	GlobalSection(ProjectConfigurationPlatforms) = postSolution
		{D20AD18F-7A82-481E-A195-85092C164AE2}.Debug|Any CPU.ActiveCfg = Debug|Any CPU
		{D20AD18F-7A82-481E-A195-85092C164AE2}.Debug|Any CPU.Build.0 = Debug|Any CPU
		{D20AD18F-7A82-481E-A195-85092C164AE2}.Release|Any CPU.ActiveCfg = Release|Any CPU
		{D20AD18F-7A82-481E-A195-85092C164AE2}.Release|Any CPU.Build.0 = Release|Any CPU
	EndGlobalSection
	GlobalSection(SolutionProperties) = preSolution
		HideSolutionNode = FALSE
	EndGlobalSection
	GlobalSection(ExtensibilityGlobals) = postSolution
		SolutionGuid = {382B3826-5BC1-4549-BED4-5F3FFA475097}
	EndGlobalSection
EndGlobal
